PODS:
  - Bolts (1.1.4)
  - Crashlytics (3.7.0):
    - Fabric (~> 1.6.3)
  - Fabric (1.6.7)
  - Keys (1.0.0)
  - MMWormhole (1.1.1):
    - MMWormhole/Core (= 1.1.1)
  - MMWormhole/Core (1.1.1)
  - Parse (1.7.1):
    - Bolts (~> 1.1)
  - SDCloudUserDefaults (1.0.1)
  - TMCache (1.2.4)
  - TUSafariActivity (1.0.4)

DEPENDENCIES:
  - Crashlytics
  - Keys (from `Pods/CocoaPodsKeys`)
  - MMWormhole
  - Parse
  - SDCloudUserDefaults
  - TMCache
  - TUSafariActivity

EXTERNAL SOURCES:
  Keys:
    :path: Pods/CocoaPodsKeys

SPEC CHECKSUMS:
  Bolts: f8e2f94edbf9fec7bb8de5ecaaa3aa6b7de6f64e
  Crashlytics: c3a2333dea9e2733d2777f730910321fc9e25c0d
  Fabric: caf7580c725e64db144f610ac65cd60956911dc7
  Keys: 7d2ff6ff42f6903358267ce56e9392f83c31acfe
  MMWormhole: 941cd168b4afd6073f883b82944d6eded4e00203
  Parse: fa8ec29de6d82035635986c11946299fb1b38316
  SDCloudUserDefaults: c9532cba15409dc44f3a25e2ef6d5d572c2692d9
  TMCache: a93984b045a5ee84bd8941bd5e0b54296059cc52
  TUSafariActivity: afc55a00965377939107ce4fdc7f951f62454546

COCOAPODS: 0.39.0
