// !$*UTF8*$!
{
	archiveVersion = 1;
	classes = {
	};
	objectVersion = 46;
	objects = {

/* Begin PBXBuildFile section */
		B200A9DF1AE5999E005B070B /* AboutTableViewController.swift in Sources */ = {isa = PBXBuildFile; fileRef = B200A9DE1AE5999E005B070B /* AboutTableViewController.swift */; };
		B2120C5A1CD9AC5500806FFD /* LyftManager.swift in Sources */ = {isa = PBXBuildFile; fileRef = B2120C591CD9AC5500806FFD /* LyftManager.swift */; };
		B246425B1927A2F200DF2E06 /* MapKit.framework in Frameworks */ = {isa = PBXBuildFile; fileRef = B246425A1927A2F200DF2E06 /* MapKit.framework */; };
		B246FC961CD326F600A0B42D /* PartyTableViewController.swift in Sources */ = {isa = PBXBuildFile; fileRef = B246FC951CD326F600A0B42D /* PartyTableViewController.swift */; };
		B246FCA41CD50B9F00A0B42D /* HairlineConstraint.swift in Sources */ = {isa = PBXBuildFile; fileRef = B246FCA31CD50B9F00A0B42D /* HairlineConstraint.swift */; };
		B246FCA61CD50DE500A0B42D /* MapDayViewController.swift in Sources */ = {isa = PBXBuildFile; fileRef = B246FCA51CD50DE500A0B42D /* MapDayViewController.swift */; };
		B246FCA91CD5111000A0B42D /* MKPointAnnotation+WDCPointAnnotation.m in Sources */ = {isa = PBXBuildFile; fileRef = B246FCA81CD5111000A0B42D /* MKPointAnnotation+WDCPointAnnotation.m */; };
		B246FCAD1CD52D0F00A0B42D /* AppDelegate.swift in Sources */ = {isa = PBXBuildFile; fileRef = B246FCAC1CD52D0F00A0B42D /* AppDelegate.swift */; };
		B26CC1811CD08A0900B2198B /* ServerManager.swift in Sources */ = {isa = PBXBuildFile; fileRef = B26CC1801CD08A0900B2198B /* ServerManager.swift */; };
		B26CC1831CD08C0E00B2198B /* PartiesModel.swift in Sources */ = {isa = PBXBuildFile; fileRef = B26CC1821CD08C0E00B2198B /* PartiesModel.swift */; };
		B26CC1851CD10ACB00B2198B /* PartiesTableViewController.swift in Sources */ = {isa = PBXBuildFile; fileRef = B26CC1841CD10ACB00B2198B /* PartiesTableViewController.swift */; };
		B26CC1871CD10B8500B2198B /* PartiesManager.swift in Sources */ = {isa = PBXBuildFile; fileRef = B26CC1861CD10B8500B2198B /* PartiesManager.swift */; };
		B2732EE819D9CB3E0074CC87 /* CoreMotion.framework in Frameworks */ = {isa = PBXBuildFile; fileRef = B2732EE719D9CB3E0074CC87 /* CoreMotion.framework */; };
		B2732EEA19D9CB450074CC87 /* SystemConfiguration.framework in Frameworks */ = {isa = PBXBuildFile; fileRef = B2732EE919D9CB450074CC87 /* SystemConfiguration.framework */; };
		B2B3C36D1CD54A220026DDF8 /* PartyNavigationController.swift in Sources */ = {isa = PBXBuildFile; fileRef = B2B3C36C1CD54A220026DDF8 /* PartyNavigationController.swift */; };
		B2D4AEE419276A1E00C5B0E8 /* Foundation.framework in Frameworks */ = {isa = PBXBuildFile; fileRef = B2D4AEE319276A1E00C5B0E8 /* Foundation.framework */; };
		B2D4AEE619276A1E00C5B0E8 /* CoreGraphics.framework in Frameworks */ = {isa = PBXBuildFile; fileRef = B2D4AEE519276A1E00C5B0E8 /* CoreGraphics.framework */; };
		B2D4AEE819276A1E00C5B0E8 /* UIKit.framework in Frameworks */ = {isa = PBXBuildFile; fileRef = B2D4AEE719276A1E00C5B0E8 /* UIKit.framework */; };
		B2D4AEF719276A1E00C5B0E8 /* Main.storyboard in Resources */ = {isa = PBXBuildFile; fileRef = B2D4AEF519276A1E00C5B0E8 /* Main.storyboard */; };
		B2D4AEFC19276A1E00C5B0E8 /* Images.xcassets in Resources */ = {isa = PBXBuildFile; fileRef = B2D4AEFB19276A1E00C5B0E8 /* Images.xcassets */; };
		B2DD1E7F19CDEE9B00352537 /* LaunchScreen.storyboard in Resources */ = {isa = PBXBuildFile; fileRef = B2DD1E7E19CDEE9B00352537 /* LaunchScreen.storyboard */; };
		B2F381FF1CD1A7C700D5AE1F /* PartyTableViewCell.swift in Sources */ = {isa = PBXBuildFile; fileRef = B2F381FE1CD1A7C700D5AE1F /* PartyTableViewCell.swift */; };
		B2FD33441CD664AD0003D384 /* PartiesViewController.swift in Sources */ = {isa = PBXBuildFile; fileRef = B2FD33431CD664AD0003D384 /* PartiesViewController.swift */; };
		CE5865DE14A589CD30570BE1 /* Pods.framework in Frameworks */ = {isa = PBXBuildFile; fileRef = A574C6E91FE4AB459E94C70E /* Pods.framework */; };
/* End PBXBuildFile section */

/* Begin PBXCopyFilesBuildPhase section */
		B2174D4A1A5C7FF70078B843 /* Embed App Extensions */ = {
			isa = PBXCopyFilesBuildPhase;
			buildActionMask = 2147483647;
			dstPath = "";
			dstSubfolderSpec = 13;
			files = (
			);
			name = "Embed App Extensions";
			runOnlyForDeploymentPostprocessing = 0;
		};
		B2F01CAB1A1F918800F1AC70 /* Embed Frameworks */ = {
			isa = PBXCopyFilesBuildPhase;
			buildActionMask = 2147483647;
			dstPath = "";
			dstSubfolderSpec = 10;
			files = (
			);
			name = "Embed Frameworks";
			runOnlyForDeploymentPostprocessing = 0;
		};
/* End PBXCopyFilesBuildPhase section */

/* Begin PBXFileReference section */
		27F53A7962CA7BD52D5B9C76 /* Pods.release.xcconfig */ = {isa = PBXFileReference; includeInIndex = 1; lastKnownFileType = text.xcconfig; name = Pods.release.xcconfig; path = "Pods/Target Support Files/Pods/Pods.release.xcconfig"; sourceTree = "<group>"; };
		5A303F1AE5C72CE9164B2188 /* Pods.debug.xcconfig */ = {isa = PBXFileReference; includeInIndex = 1; lastKnownFileType = text.xcconfig; name = Pods.debug.xcconfig; path = "Pods/Target Support Files/Pods/Pods.debug.xcconfig"; sourceTree = "<group>"; };
		A574C6E91FE4AB459E94C70E /* Pods.framework */ = {isa = PBXFileReference; explicitFileType = wrapper.framework; includeInIndex = 0; path = Pods.framework; sourceTree = BUILT_PRODUCTS_DIR; };
		B200A9DE1AE5999E005B070B /* AboutTableViewController.swift */ = {isa = PBXFileReference; fileEncoding = 4; lastKnownFileType = sourcecode.swift; path = AboutTableViewController.swift; sourceTree = "<group>"; };
		B211B8651CC9B472002F9AEA /* Pods.framework */ = {isa = PBXFileReference; lastKnownFileType = wrapper.framework; name = Pods.framework; path = "Pods/../build/Debug-iphoneos/Pods.framework"; sourceTree = "<group>"; };
		B211B8671CC9B491002F9AEA /* Pods.framework */ = {isa = PBXFileReference; lastKnownFileType = wrapper.framework; name = Pods.framework; path = "../../Library/Developer/Xcode/DerivedData/SFParties-fjijihfpnewykpatirzcnefwirxl/Build/Products/Debug-iphonesimulator/Pods.framework"; sourceTree = "<group>"; };
		B2120C591CD9AC5500806FFD /* LyftManager.swift */ = {isa = PBXFileReference; fileEncoding = 4; lastKnownFileType = sourcecode.swift; path = LyftManager.swift; sourceTree = "<group>"; };
		B246425A1927A2F200DF2E06 /* MapKit.framework */ = {isa = PBXFileReference; lastKnownFileType = wrapper.framework; name = MapKit.framework; path = System/Library/Frameworks/MapKit.framework; sourceTree = SDKROOT; };
		B246FC951CD326F600A0B42D /* PartyTableViewController.swift */ = {isa = PBXFileReference; fileEncoding = 4; lastKnownFileType = sourcecode.swift; path = PartyTableViewController.swift; sourceTree = "<group>"; };
		B246FCA31CD50B9F00A0B42D /* HairlineConstraint.swift */ = {isa = PBXFileReference; fileEncoding = 4; lastKnownFileType = sourcecode.swift; path = HairlineConstraint.swift; sourceTree = "<group>"; };
		B246FCA51CD50DE500A0B42D /* MapDayViewController.swift */ = {isa = PBXFileReference; fileEncoding = 4; lastKnownFileType = sourcecode.swift; path = MapDayViewController.swift; sourceTree = "<group>"; };
		B246FCA71CD5111000A0B42D /* MKPointAnnotation+WDCPointAnnotation.h */ = {isa = PBXFileReference; fileEncoding = 4; lastKnownFileType = sourcecode.c.h; path = "MKPointAnnotation+WDCPointAnnotation.h"; sourceTree = "<group>"; };
		B246FCA81CD5111000A0B42D /* MKPointAnnotation+WDCPointAnnotation.m */ = {isa = PBXFileReference; fileEncoding = 4; lastKnownFileType = sourcecode.c.objc; path = "MKPointAnnotation+WDCPointAnnotation.m"; sourceTree = "<group>"; };
		B246FCAA1CD5120300A0B42D /* SFParties-Bridging-Header.h */ = {isa = PBXFileReference; fileEncoding = 4; lastKnownFileType = sourcecode.c.h; path = "SFParties-Bridging-Header.h"; sourceTree = "<group>"; };
		B246FCAC1CD52D0F00A0B42D /* AppDelegate.swift */ = {isa = PBXFileReference; fileEncoding = 4; lastKnownFileType = sourcecode.swift; path = AppDelegate.swift; sourceTree = "<group>"; };
		B26CC1801CD08A0900B2198B /* ServerManager.swift */ = {isa = PBXFileReference; fileEncoding = 4; lastKnownFileType = sourcecode.swift; path = ServerManager.swift; sourceTree = "<group>"; };
		B26CC1821CD08C0E00B2198B /* PartiesModel.swift */ = {isa = PBXFileReference; fileEncoding = 4; lastKnownFileType = sourcecode.swift; path = PartiesModel.swift; sourceTree = "<group>"; };
		B26CC1841CD10ACB00B2198B /* PartiesTableViewController.swift */ = {isa = PBXFileReference; fileEncoding = 4; lastKnownFileType = sourcecode.swift; path = PartiesTableViewController.swift; sourceTree = "<group>"; };
		B26CC1861CD10B8500B2198B /* PartiesManager.swift */ = {isa = PBXFileReference; fileEncoding = 4; lastKnownFileType = sourcecode.swift; path = PartiesManager.swift; sourceTree = "<group>"; };
		B2732EE719D9CB3E0074CC87 /* CoreMotion.framework */ = {isa = PBXFileReference; lastKnownFileType = wrapper.framework; name = CoreMotion.framework; path = System/Library/Frameworks/CoreMotion.framework; sourceTree = SDKROOT; };
		B2732EE919D9CB450074CC87 /* SystemConfiguration.framework */ = {isa = PBXFileReference; lastKnownFileType = wrapper.framework; name = SystemConfiguration.framework; path = System/Library/Frameworks/SystemConfiguration.framework; sourceTree = SDKROOT; };
		B2B3C36C1CD54A220026DDF8 /* PartyNavigationController.swift */ = {isa = PBXFileReference; fileEncoding = 4; lastKnownFileType = sourcecode.swift; path = PartyNavigationController.swift; sourceTree = "<group>"; };
		B2D4AEE019276A1E00C5B0E8 /* Parties.app */ = {isa = PBXFileReference; explicitFileType = wrapper.application; includeInIndex = 0; path = Parties.app; sourceTree = BUILT_PRODUCTS_DIR; };
		B2D4AEE319276A1E00C5B0E8 /* Foundation.framework */ = {isa = PBXFileReference; lastKnownFileType = wrapper.framework; name = Foundation.framework; path = System/Library/Frameworks/Foundation.framework; sourceTree = SDKROOT; };
		B2D4AEE519276A1E00C5B0E8 /* CoreGraphics.framework */ = {isa = PBXFileReference; lastKnownFileType = wrapper.framework; name = CoreGraphics.framework; path = System/Library/Frameworks/CoreGraphics.framework; sourceTree = SDKROOT; };
		B2D4AEE719276A1E00C5B0E8 /* UIKit.framework */ = {isa = PBXFileReference; lastKnownFileType = wrapper.framework; name = UIKit.framework; path = System/Library/Frameworks/UIKit.framework; sourceTree = SDKROOT; };
		B2D4AEEB19276A1E00C5B0E8 /* SFParties-Info.plist */ = {isa = PBXFileReference; lastKnownFileType = text.plist.xml; path = "SFParties-Info.plist"; sourceTree = "<group>"; };
		B2D4AEF619276A1E00C5B0E8 /* Base */ = {isa = PBXFileReference; lastKnownFileType = file.storyboard; name = Base; path = Base.lproj/Main.storyboard; sourceTree = "<group>"; };
		B2D4AEFB19276A1E00C5B0E8 /* Images.xcassets */ = {isa = PBXFileReference; lastKnownFileType = folder.assetcatalog; path = Images.xcassets; sourceTree = "<group>"; };
		B2DD1E7E19CDEE9B00352537 /* LaunchScreen.storyboard */ = {isa = PBXFileReference; fileEncoding = 4; lastKnownFileType = file.storyboard; path = LaunchScreen.storyboard; sourceTree = "<group>"; };
		B2F01C601A1F841D00F1AC70 /* WatchKit.framework */ = {isa = PBXFileReference; lastKnownFileType = wrapper.framework; name = WatchKit.framework; path = System/Library/Frameworks/WatchKit.framework; sourceTree = SDKROOT; };
		B2F381FE1CD1A7C700D5AE1F /* PartyTableViewCell.swift */ = {isa = PBXFileReference; fileEncoding = 4; lastKnownFileType = sourcecode.swift; path = PartyTableViewCell.swift; sourceTree = "<group>"; };
		B2FD33431CD664AD0003D384 /* PartiesViewController.swift */ = {isa = PBXFileReference; fileEncoding = 4; lastKnownFileType = sourcecode.swift; path = PartiesViewController.swift; sourceTree = "<group>"; };
/* End PBXFileReference section */

/* Begin PBXFrameworksBuildPhase section */
		B2D4AEDD19276A1E00C5B0E8 /* Frameworks */ = {
			isa = PBXFrameworksBuildPhase;
			buildActionMask = 2147483647;
			files = (
				B2732EEA19D9CB450074CC87 /* SystemConfiguration.framework in Frameworks */,
				B2732EE819D9CB3E0074CC87 /* CoreMotion.framework in Frameworks */,
				B2D4AEE619276A1E00C5B0E8 /* CoreGraphics.framework in Frameworks */,
				B2D4AEE819276A1E00C5B0E8 /* UIKit.framework in Frameworks */,
				B246425B1927A2F200DF2E06 /* MapKit.framework in Frameworks */,
				B2D4AEE419276A1E00C5B0E8 /* Foundation.framework in Frameworks */,
				CE5865DE14A589CD30570BE1 /* Pods.framework in Frameworks */,
			);
			runOnlyForDeploymentPostprocessing = 0;
		};
/* End PBXFrameworksBuildPhase section */

/* Begin PBXGroup section */
		B2D4AED719276A1E00C5B0E8 = {
			isa = PBXGroup;
			children = (
				B2D4AEE919276A1E00C5B0E8 /* WWDC */,
				B2D4AEE219276A1E00C5B0E8 /* Frameworks */,
				B2D4AEE119276A1E00C5B0E8 /* Products */,
				E7592BFB00A99D5AAAC65D1D /* Pods */,
			);
			sourceTree = "<group>";
			wrapsLines = 0;
		};
		B2D4AEE119276A1E00C5B0E8 /* Products */ = {
			isa = PBXGroup;
			children = (
				B2D4AEE019276A1E00C5B0E8 /* Parties.app */,
			);
			name = Products;
			sourceTree = "<group>";
		};
		B2D4AEE219276A1E00C5B0E8 /* Frameworks */ = {
			isa = PBXGroup;
			children = (
				B211B8671CC9B491002F9AEA /* Pods.framework */,
				B211B8651CC9B472002F9AEA /* Pods.framework */,
				B2732EE919D9CB450074CC87 /* SystemConfiguration.framework */,
				B2732EE719D9CB3E0074CC87 /* CoreMotion.framework */,
				B246425A1927A2F200DF2E06 /* MapKit.framework */,
				B2D4AEE319276A1E00C5B0E8 /* Foundation.framework */,
				B2D4AEE519276A1E00C5B0E8 /* CoreGraphics.framework */,
				B2D4AEE719276A1E00C5B0E8 /* UIKit.framework */,
				B2F01C601A1F841D00F1AC70 /* WatchKit.framework */,
				A574C6E91FE4AB459E94C70E /* Pods.framework */,
			);
			name = Frameworks;
			sourceTree = "<group>";
		};
		B2D4AEE919276A1E00C5B0E8 /* WWDC */ = {
			isa = PBXGroup;
			children = (
				B2D4AEF519276A1E00C5B0E8 /* Main.storyboard */,
				B2DD1E7E19CDEE9B00352537 /* LaunchScreen.storyboard */,
				B246FCAC1CD52D0F00A0B42D /* AppDelegate.swift */,
				B246FCA31CD50B9F00A0B42D /* HairlineConstraint.swift */,
				B26CC1821CD08C0E00B2198B /* PartiesModel.swift */,
				B2120C591CD9AC5500806FFD /* LyftManager.swift */,
				B26CC1801CD08A0900B2198B /* ServerManager.swift */,
				B26CC1861CD10B8500B2198B /* PartiesManager.swift */,
				B2FD33431CD664AD0003D384 /* PartiesViewController.swift */,
				B2F381FE1CD1A7C700D5AE1F /* PartyTableViewCell.swift */,
				B26CC1841CD10ACB00B2198B /* PartiesTableViewController.swift */,
				B2B3C36C1CD54A220026DDF8 /* PartyNavigationController.swift */,
				B246FC951CD326F600A0B42D /* PartyTableViewController.swift */,
				B246FCA51CD50DE500A0B42D /* MapDayViewController.swift */,
				B200A9DE1AE5999E005B070B /* AboutTableViewController.swift */,
				B246FCA71CD5111000A0B42D /* MKPointAnnotation+WDCPointAnnotation.h */,
				B246FCA81CD5111000A0B42D /* MKPointAnnotation+WDCPointAnnotation.m */,
				B2D4AEFB19276A1E00C5B0E8 /* Images.xcassets */,
				B2D4AEEA19276A1E00C5B0E8 /* Supporting Files */,
			);
			path = WWDC;
			sourceTree = "<group>";
		};
		B2D4AEEA19276A1E00C5B0E8 /* Supporting Files */ = {
			isa = PBXGroup;
			children = (
				B246FCAA1CD5120300A0B42D /* SFParties-Bridging-Header.h */,
				B2D4AEEB19276A1E00C5B0E8 /* SFParties-Info.plist */,
			);
			name = "Supporting Files";
			sourceTree = "<group>";
		};
		E7592BFB00A99D5AAAC65D1D /* Pods */ = {
			isa = PBXGroup;
			children = (
				5A303F1AE5C72CE9164B2188 /* Pods.debug.xcconfig */,
				27F53A7962CA7BD52D5B9C76 /* Pods.release.xcconfig */,
			);
			name = Pods;
			sourceTree = "<group>";
		};
/* End PBXGroup section */

/* Begin PBXNativeTarget section */
		B2D4AEDF19276A1E00C5B0E8 /* SFParties */ = {
			isa = PBXNativeTarget;
			buildConfigurationList = B2D4AF1219276A1E00C5B0E8 /* Build configuration list for PBXNativeTarget "SFParties" */;
			buildPhases = (
				B2D4AEDC19276A1E00C5B0E8 /* Sources */,
				B2D4AEDD19276A1E00C5B0E8 /* Frameworks */,
				B2D4AEDE19276A1E00C5B0E8 /* Resources */,
				B2F01CAB1A1F918800F1AC70 /* Embed Frameworks */,
				B2174D4A1A5C7FF70078B843 /* Embed App Extensions */,
				41E6C32FC4A91CB8CE4D19DE /* Embed Pods Frameworks */,
			);
			buildRules = (
			);
			dependencies = (
			);
			name = SFParties;
			productName = WWDC;
			productReference = B2D4AEE019276A1E00C5B0E8 /* Parties.app */;
			productType = "com.apple.product-type.application";
		};
/* End PBXNativeTarget section */

/* Begin PBXProject section */
		B2D4AED819276A1E00C5B0E8 /* Project object */ = {
			isa = PBXProject;
			attributes = {
				CLASSPREFIX = WDC;
				LastSwiftMigration = 0730;
				LastSwiftUpdateCheck = 0730;
				LastUpgradeCheck = 0730;
				ORGANIZATIONNAME = Okrain;
				TargetAttributes = {
					B2D4AEDF19276A1E00C5B0E8 = {
						DevelopmentTeam = SZHLQT8428;
						SystemCapabilities = {
							com.apple.ApplicationGroups.iOS = {
								enabled = 0;
							};
							com.apple.BackgroundModes = {
								enabled = 1;
							};
							com.apple.Push = {
								enabled = 1;
							};
							com.apple.iCloud = {
								enabled = 0;
							};
							com.apple.iOS = {
								enabled = 1;
							};
						};
					};
				};
			};
			buildConfigurationList = B2D4AEDB19276A1E00C5B0E8 /* Build configuration list for PBXProject "SFParties" */;
			compatibilityVersion = "Xcode 3.2";
			developmentRegion = English;
			hasScannedForEncodings = 0;
			knownRegions = (
				en,
				Base,
			);
			mainGroup = B2D4AED719276A1E00C5B0E8;
			productRefGroup = B2D4AEE119276A1E00C5B0E8 /* Products */;
			projectDirPath = "";
			projectRoot = "";
			targets = (
				B2D4AEDF19276A1E00C5B0E8 /* SFParties */,
			);
		};
/* End PBXProject section */

/* Begin PBXResourcesBuildPhase section */
		B2D4AEDE19276A1E00C5B0E8 /* Resources */ = {
			isa = PBXResourcesBuildPhase;
			buildActionMask = 2147483647;
			files = (
				B2D4AEFC19276A1E00C5B0E8 /* Images.xcassets in Resources */,
				B2DD1E7F19CDEE9B00352537 /* LaunchScreen.storyboard in Resources */,
				B2D4AEF719276A1E00C5B0E8 /* Main.storyboard in Resources */,
			);
			runOnlyForDeploymentPostprocessing = 0;
		};
/* End PBXResourcesBuildPhase section */

/* Begin PBXShellScriptBuildPhase section */
		41E6C32FC4A91CB8CE4D19DE /* Embed Pods Frameworks */ = {
			isa = PBXShellScriptBuildPhase;
			buildActionMask = 2147483647;
			files = (
			);
			inputPaths = (
			);
			name = "Embed Pods Frameworks";
			outputPaths = (
			);
			runOnlyForDeploymentPostprocessing = 0;
			shellPath = /bin/sh;
			shellScript = "\"${SRCROOT}/Pods/Target Support Files/Pods/Pods-frameworks.sh\"\n";
			showEnvVarsInLog = 0;
		};
/* End PBXShellScriptBuildPhase section */

/* Begin PBXSourcesBuildPhase section */
		B2D4AEDC19276A1E00C5B0E8 /* Sources */ = {
			isa = PBXSourcesBuildPhase;
			buildActionMask = 2147483647;
			files = (
				B246FC961CD326F600A0B42D /* PartyTableViewController.swift in Sources */,
				B246FCAD1CD52D0F00A0B42D /* AppDelegate.swift in Sources */,
				B246FCA61CD50DE500A0B42D /* MapDayViewController.swift in Sources */,
				B26CC1851CD10ACB00B2198B /* PartiesTableViewController.swift in Sources */,
				B26CC1811CD08A0900B2198B /* ServerManager.swift in Sources */,
				B246FCA91CD5111000A0B42D /* MKPointAnnotation+WDCPointAnnotation.m in Sources */,
				B2F381FF1CD1A7C700D5AE1F /* PartyTableViewCell.swift in Sources */,
				B26CC1831CD08C0E00B2198B /* PartiesModel.swift in Sources */,
				B26CC1871CD10B8500B2198B /* PartiesManager.swift in Sources */,
				B2FD33441CD664AD0003D384 /* PartiesViewController.swift in Sources */,
				B2120C5A1CD9AC5500806FFD /* LyftManager.swift in Sources */,
				B246FCA41CD50B9F00A0B42D /* HairlineConstraint.swift in Sources */,
				B2B3C36D1CD54A220026DDF8 /* PartyNavigationController.swift in Sources */,
				B200A9DF1AE5999E005B070B /* AboutTableViewController.swift in Sources */,
			);
			runOnlyForDeploymentPostprocessing = 0;
		};
/* End PBXSourcesBuildPhase section */

/* Begin PBXVariantGroup section */
		B2D4AEF519276A1E00C5B0E8 /* Main.storyboard */ = {
			isa = PBXVariantGroup;
			children = (
				B2D4AEF619276A1E00C5B0E8 /* Base */,
			);
			name = Main.storyboard;
			sourceTree = "<group>";
		};
/* End PBXVariantGroup section */

/* Begin XCBuildConfiguration section */
		B2D4AF1019276A1E00C5B0E8 /* Debug */ = {
			isa = XCBuildConfiguration;
			buildSettings = {
				ALWAYS_SEARCH_USER_PATHS = NO;
				CLANG_ALLOW_NON_MODULAR_INCLUDES_IN_FRAMEWORK_MODULES = YES;
				CLANG_CXX_LANGUAGE_STANDARD = "gnu++0x";
				CLANG_CXX_LIBRARY = "libc++";
				CLANG_ENABLE_MODULES = YES;
				CLANG_ENABLE_OBJC_ARC = YES;
				CLANG_WARN_BOOL_CONVERSION = YES;
				CLANG_WARN_CONSTANT_CONVERSION = YES;
				CLANG_WARN_DIRECT_OBJC_ISA_USAGE = YES_ERROR;
				CLANG_WARN_EMPTY_BODY = YES;
				CLANG_WARN_ENUM_CONVERSION = YES;
				CLANG_WARN_INT_CONVERSION = YES;
				CLANG_WARN_OBJC_ROOT_CLASS = YES_ERROR;
				CLANG_WARN__DUPLICATE_METHOD_MATCH = YES;
				CODE_SIGN_IDENTITY = "iPhone Developer";
				COPY_PHASE_STRIP = NO;
				ENABLE_BITCODE = NO;
				ENABLE_TESTABILITY = YES;
				GCC_C_LANGUAGE_STANDARD = gnu99;
				GCC_DYNAMIC_NO_PIC = NO;
				GCC_OPTIMIZATION_LEVEL = 0;
				GCC_PREPROCESSOR_DEFINITIONS = (
					"DEBUG=1",
					"$(inherited)",
				);
				GCC_SYMBOLS_PRIVATE_EXTERN = NO;
				GCC_WARN_64_TO_32_BIT_CONVERSION = YES;
				GCC_WARN_ABOUT_RETURN_TYPE = YES_ERROR;
				GCC_WARN_UNDECLARED_SELECTOR = YES;
				GCC_WARN_UNINITIALIZED_AUTOS = YES_AGGRESSIVE;
				GCC_WARN_UNUSED_FUNCTION = YES;
				GCC_WARN_UNUSED_VARIABLE = YES;
				IPHONEOS_DEPLOYMENT_TARGET = 9.0;
				ONLY_ACTIVE_ARCH = YES;
				PRODUCT_NAME = Parties;
				SDKROOT = iphoneos;
				SWIFT_OBJC_BRIDGING_HEADER = "WWDC/SFParties-Bridging-Header.h";
				SWIFT_OPTIMIZATION_LEVEL = "-Owholemodule";
			};
			name = Debug;
		};
		B2D4AF1119276A1E00C5B0E8 /* Release */ = {
			isa = XCBuildConfiguration;
			buildSettings = {
				ALWAYS_SEARCH_USER_PATHS = NO;
				CLANG_ALLOW_NON_MODULAR_INCLUDES_IN_FRAMEWORK_MODULES = YES;
				CLANG_CXX_LANGUAGE_STANDARD = "gnu++0x";
				CLANG_CXX_LIBRARY = "libc++";
				CLANG_ENABLE_MODULES = YES;
				CLANG_ENABLE_OBJC_ARC = YES;
				CLANG_WARN_BOOL_CONVERSION = YES;
				CLANG_WARN_CONSTANT_CONVERSION = YES;
				CLANG_WARN_DIRECT_OBJC_ISA_USAGE = YES_ERROR;
				CLANG_WARN_EMPTY_BODY = YES;
				CLANG_WARN_ENUM_CONVERSION = YES;
				CLANG_WARN_INT_CONVERSION = YES;
				CLANG_WARN_OBJC_ROOT_CLASS = YES_ERROR;
				CLANG_WARN__DUPLICATE_METHOD_MATCH = YES;
				CODE_SIGN_IDENTITY = "iPhone Developer";
				COPY_PHASE_STRIP = NO;
				ENABLE_BITCODE = NO;
				ENABLE_NS_ASSERTIONS = NO;
				GCC_C_LANGUAGE_STANDARD = gnu99;
				GCC_WARN_64_TO_32_BIT_CONVERSION = YES;
				GCC_WARN_ABOUT_RETURN_TYPE = YES_ERROR;
				GCC_WARN_UNDECLARED_SELECTOR = YES;
				GCC_WARN_UNINITIALIZED_AUTOS = YES_AGGRESSIVE;
				GCC_WARN_UNUSED_FUNCTION = YES;
				GCC_WARN_UNUSED_VARIABLE = YES;
				IPHONEOS_DEPLOYMENT_TARGET = 9.0;
				PRODUCT_NAME = Parties;
				SDKROOT = iphoneos;
				SWIFT_OBJC_BRIDGING_HEADER = "WWDC/SFParties-Bridging-Header.h";
				SWIFT_OPTIMIZATION_LEVEL = "-Owholemodule";
				VALIDATE_PRODUCT = YES;
			};
			name = Release;
		};
		B2D4AF1319276A1E00C5B0E8 /* Debug */ = {
			isa = XCBuildConfiguration;
			baseConfigurationReference = 5A303F1AE5C72CE9164B2188 /* Pods.debug.xcconfig */;
			buildSettings = {
				ASSETCATALOG_COMPILER_APPICON_NAME = AppIcon;
				CLANG_ENABLE_MODULES = YES;
				EMBEDDED_CONTENT_CONTAINS_SWIFT = YES;
				FRAMEWORK_SEARCH_PATHS = (
					"$(inherited)",
					"$(PROJECT_DIR)",
					"$(inherited)",
				);
				GCC_PRECOMPILE_PREFIX_HEADER = YES;
				INFOPLIST_FILE = "WWDC/SFParties-Info.plist";
				IPHONEOS_DEPLOYMENT_TARGET = 9.0;
				LD_RUNPATH_SEARCH_PATHS = "$(inherited) @executable_path/Frameworks";
				LIBRARY_SEARCH_PATHS = (
					"$(inherited)",
					"$(PROJECT_DIR)",
				);
				ONLY_ACTIVE_ARCH = YES;
				PRODUCT_BUNDLE_IDENTIFIER = "so.sugar.SF$(PRODUCT_NAME:rfc1034identifier)";
				PRODUCT_NAME = Parties;
				PROVISIONING_PROFILE = "dc813133-5d90-4e33-be09-3be9ee87837a";
				SWIFT_OPTIMIZATION_LEVEL = "-Onone";
				TARGETED_DEVICE_FAMILY = "1,2";
				WRAPPER_EXTENSION = app;
			};
			name = Debug;
		};
		B2D4AF1419276A1E00C5B0E8 /* Release */ = {
			isa = XCBuildConfiguration;
			baseConfigurationReference = 27F53A7962CA7BD52D5B9C76 /* Pods.release.xcconfig */;
			buildSettings = {
				ASSETCATALOG_COMPILER_APPICON_NAME = AppIcon;
				CLANG_ENABLE_MODULES = YES;
				EMBEDDED_CONTENT_CONTAINS_SWIFT = YES;
				FRAMEWORK_SEARCH_PATHS = (
					"$(inherited)",
					"$(PROJECT_DIR)",
					"$(inherited)",
				);
				GCC_PRECOMPILE_PREFIX_HEADER = YES;
				INFOPLIST_FILE = "WWDC/SFParties-Info.plist";
				IPHONEOS_DEPLOYMENT_TARGET = 9.0;
				LD_RUNPATH_SEARCH_PATHS = "$(inherited) @executable_path/Frameworks";
				LIBRARY_SEARCH_PATHS = (
					"$(inherited)",
					"$(PROJECT_DIR)",
				);
				PRODUCT_BUNDLE_IDENTIFIER = "so.sugar.SF$(PRODUCT_NAME:rfc1034identifier)";
				PRODUCT_NAME = Parties;
				PROVISIONING_PROFILE = "6a0a2e90-3dc9-4fe3-ad3a-07add4f71115";
				TARGETED_DEVICE_FAMILY = "1,2";
				WRAPPER_EXTENSION = app;
			};
			name = Release;
		};
/* End XCBuildConfiguration section */

/* Begin XCConfigurationList section */
		B2D4AEDB19276A1E00C5B0E8 /* Build configuration list for PBXProject "SFParties" */ = {
			isa = XCConfigurationList;
			buildConfigurations = (
				B2D4AF1019276A1E00C5B0E8 /* Debug */,
				B2D4AF1119276A1E00C5B0E8 /* Release */,
			);
			defaultConfigurationIsVisible = 0;
			defaultConfigurationName = Release;
		};
		B2D4AF1219276A1E00C5B0E8 /* Build configuration list for PBXNativeTarget "SFParties" */ = {
			isa = XCConfigurationList;
			buildConfigurations = (
				B2D4AF1319276A1E00C5B0E8 /* Debug */,
				B2D4AF1419276A1E00C5B0E8 /* Release */,
			);
			defaultConfigurationIsVisible = 0;
			defaultConfigurationName = Release;
		};
/* End XCConfigurationList section */
	};
	rootObject = B2D4AED819276A1E00C5B0E8 /* Project object */;
}
